
Microsoft Visual Studio Solution File, Format Version 12.00
# Visual Studio 2013
VisualStudioVersion = 12.0.21005.1
MinimumVisualStudioVersion = 10.0.40219.1
Project("{8BC9CEB8-8B4A-11D0-8D11-00A0C91BC942}") = "Game", "Game\Game.vcxproj", "{A1FE6373-D0FE-4EF0-8FD5-0D2D692401E0}"
	ProjectSection(ProjectDependencies) = postProject
		{D589DB0B-309B-4E4D-83C8-2FCE3C98CBCB} = {D589DB0B-309B-4E4D-83C8-2FCE3C98CBCB}
		{050C2B14-A9E8-451D-BB9A-EDA222E2D7E9} = {050C2B14-A9E8-451D-BB9A-EDA222E2D7E9}
		{3FBACD15-97A0-4B85-A297-FA24E0DD09E9} = {3FBACD15-97A0-4B85-A297-FA24E0DD09E9}
		{28101919-ED03-4E7F-BE7F-0ADCBDC1C278} = {28101919-ED03-4E7F-BE7F-0ADCBDC1C278}
		{A89B5829-D5A6-48BE-AC62-E2F095FF64FC} = {A89B5829-D5A6-48BE-AC62-E2F095FF64FC}
		{71F65F5A-33C6-4840-B003-BDBD6AFCDD35} = {71F65F5A-33C6-4840-B003-BDBD6AFCDD35}
		{E1FDD879-0BA8-4E25-8D54-DBE997F9C574} = {E1FDD879-0BA8-4E25-8D54-DBE997F9C574}
		{264C317C-06C4-4333-8582-80AE0E0604FF} = {264C317C-06C4-4333-8582-80AE0E0604FF}
		{4D512185-A1BF-4F70-83CB-1E71CE59E5C3} = {4D512185-A1BF-4F70-83CB-1E71CE59E5C3}
		{DA18A594-E81F-4D45-B3E9-11DF3A15C22A} = {DA18A594-E81F-4D45-B3E9-11DF3A15C22A}
		{0BA7259C-3787-42F0-836A-8EBD429E035C} = {0BA7259C-3787-42F0-836A-8EBD429E035C}
		{E415F99D-8154-4B0D-8B6F-0A0E73D73BBC} = {E415F99D-8154-4B0D-8B6F-0A0E73D73BBC}
		{87204A9F-2D55-4B62-9FA8-9F168013230B} = {87204A9F-2D55-4B62-9FA8-9F168013230B}
	EndProjectSection
EndProject
Project("{8BC9CEB8-8B4A-11D0-8D11-00A0C91BC942}") = "Core", "Components\Tocs\Core\Core.vcxproj", "{050C2B14-A9E8-451D-BB9A-EDA222E2D7E9}"
EndProject
Project("{8BC9CEB8-8B4A-11D0-8D11-00A0C91BC942}") = "Net", "Components\Tocs\Net\Net.vcxproj", "{DA18A594-E81F-4D45-B3E9-11DF3A15C22A}"
	ProjectSection(ProjectDependencies) = postProject
		{050C2B14-A9E8-451D-BB9A-EDA222E2D7E9} = {050C2B14-A9E8-451D-BB9A-EDA222E2D7E9}
	EndProjectSection
EndProject
Project("{8BC9CEB8-8B4A-11D0-8D11-00A0C91BC942}") = "Server", "Server\Server.vcxproj", "{841FB433-C11D-45E0-9AD2-5347A1B6FFC6}"
	ProjectSection(ProjectDependencies) = postProject
		{050C2B14-A9E8-451D-BB9A-EDA222E2D7E9} = {050C2B14-A9E8-451D-BB9A-EDA222E2D7E9}
		{DA18A594-E81F-4D45-B3E9-11DF3A15C22A} = {DA18A594-E81F-4D45-B3E9-11DF3A15C22A}
	EndProjectSection
EndProject
Project("{8BC9CEB8-8B4A-11D0-8D11-00A0C91BC942}") = "Graphics", "Components\Tocs\Graphics\Graphics.vcxproj", "{0BA7259C-3787-42F0-836A-8EBD429E035C}"
	ProjectSection(ProjectDependencies) = postProject
		{D589DB0B-309B-4E4D-83C8-2FCE3C98CBCB} = {D589DB0B-309B-4E4D-83C8-2FCE3C98CBCB}
		{28101919-ED03-4E7F-BE7F-0ADCBDC1C278} = {28101919-ED03-4E7F-BE7F-0ADCBDC1C278}
	EndProjectSection
EndProject
Project("{8BC9CEB8-8B4A-11D0-8D11-00A0C91BC942}") = "Math", "Components\Tocs\Math\Math.vcxproj", "{87204A9F-2D55-4B62-9FA8-9F168013230B}"
	ProjectSection(ProjectDependencies) = postProject
		{050C2B14-A9E8-451D-BB9A-EDA222E2D7E9} = {050C2B14-A9E8-451D-BB9A-EDA222E2D7E9}
	EndProjectSection
EndProject
Project("{8BC9CEB8-8B4A-11D0-8D11-00A0C91BC942}") = "Scripting", "Components\Tocs\Scripting\Scripting.vcxproj", "{4D512185-A1BF-4F70-83CB-1E71CE59E5C3}"
	ProjectSection(ProjectDependencies) = postProject
		{050C2B14-A9E8-451D-BB9A-EDA222E2D7E9} = {050C2B14-A9E8-451D-BB9A-EDA222E2D7E9}
	EndProjectSection
EndProject
Project("{8BC9CEB8-8B4A-11D0-8D11-00A0C91BC942}") = "Rendering", "Components\Tocs\Rendering\Rendering.vcxproj", "{A89B5829-D5A6-48BE-AC62-E2F095FF64FC}"
	ProjectSection(ProjectDependencies) = postProject
		{050C2B14-A9E8-451D-BB9A-EDA222E2D7E9} = {050C2B14-A9E8-451D-BB9A-EDA222E2D7E9}
		{0BA7259C-3787-42F0-836A-8EBD429E035C} = {0BA7259C-3787-42F0-836A-8EBD429E035C}
		{87204A9F-2D55-4B62-9FA8-9F168013230B} = {87204A9F-2D55-4B62-9FA8-9F168013230B}
	EndProjectSection
EndProject
Project("{8BC9CEB8-8B4A-11D0-8D11-00A0C91BC942}") = "Drawing", "Components\Tocs\Drawing\Drawing.vcxproj", "{28101919-ED03-4E7F-BE7F-0ADCBDC1C278}"
	ProjectSection(ProjectDependencies) = postProject
		{050C2B14-A9E8-451D-BB9A-EDA222E2D7E9} = {050C2B14-A9E8-451D-BB9A-EDA222E2D7E9}
		{87204A9F-2D55-4B62-9FA8-9F168013230B} = {87204A9F-2D55-4B62-9FA8-9F168013230B}
	EndProjectSection
EndProject
Project("{8BC9CEB8-8B4A-11D0-8D11-00A0C91BC942}") = "Parallel", "Components\Tocs\Parallel\Parallel.vcxproj", "{3FBACD15-97A0-4B85-A297-FA24E0DD09E9}"
EndProject
Project("{8BC9CEB8-8B4A-11D0-8D11-00A0C91BC942}") = "Input", "Components\Tocs\Input\Input.vcxproj", "{D589DB0B-309B-4E4D-83C8-2FCE3C98CBCB}"
	ProjectSection(ProjectDependencies) = postProject
		{050C2B14-A9E8-451D-BB9A-EDA222E2D7E9} = {050C2B14-A9E8-451D-BB9A-EDA222E2D7E9}
	EndProjectSection
EndProject
Project("{8BC9CEB8-8B4A-11D0-8D11-00A0C91BC942}") = "Componentry", "Components\Tocs\Componentry\Componentry.vcxproj", "{E1FDD879-0BA8-4E25-8D54-DBE997F9C574}"
EndProject
Project("{8BC9CEB8-8B4A-11D0-8D11-00A0C91BC942}") = "MeshTools", "Components\Tocs\MeshTools\MeshTools.vcxproj", "{71F65F5A-33C6-4840-B003-BDBD6AFCDD35}"
EndProject
Project("{8BC9CEB8-8B4A-11D0-8D11-00A0C91BC942}") = "Animation", "Components\Tocs\Animation\Animation.vcxproj", "{E415F99D-8154-4B0D-8B6F-0A0E73D73BBC}"
EndProject
Project("{8BC9CEB8-8B4A-11D0-8D11-00A0C91BC942}") = "Voxels", "Components\Tocs\Voxels\Voxels.vcxproj", "{264C317C-06C4-4333-8582-80AE0E0604FF}"
EndProject
Project("{8BC9CEB8-8B4A-11D0-8D11-00A0C91BC942}") = "Ui", "Components\Tocs\Ui\Ui.vcxproj", "{3000BC89-93B8-46E1-89E3-5E854EB0CF3E}"
EndProject
Project("{8BC9CEB8-8B4A-11D0-8D11-00A0C91BC942}") = "UITest", "UITest\UITest.vcxproj", "{6F1D130E-11C9-4261-8C9E-D20A4E599850}"
	ProjectSection(ProjectDependencies) = postProject
		{3000BC89-93B8-46E1-89E3-5E854EB0CF3E} = {3000BC89-93B8-46E1-89E3-5E854EB0CF3E}
	EndProjectSection
EndProject
Project("{8BC9CEB8-8B4A-11D0-8D11-00A0C91BC942}") = "RenderTest", "RenderTest\RenderTest.vcxproj", "{1A6FB26A-30A3-4DA9-99CA-A120B0CB9715}"
	ProjectSection(ProjectDependencies) = postProject
		{D589DB0B-309B-4E4D-83C8-2FCE3C98CBCB} = {D589DB0B-309B-4E4D-83C8-2FCE3C98CBCB}
		{050C2B14-A9E8-451D-BB9A-EDA222E2D7E9} = {050C2B14-A9E8-451D-BB9A-EDA222E2D7E9}
		{3FBACD15-97A0-4B85-A297-FA24E0DD09E9} = {3FBACD15-97A0-4B85-A297-FA24E0DD09E9}
		{28101919-ED03-4E7F-BE7F-0ADCBDC1C278} = {28101919-ED03-4E7F-BE7F-0ADCBDC1C278}
		{A89B5829-D5A6-48BE-AC62-E2F095FF64FC} = {A89B5829-D5A6-48BE-AC62-E2F095FF64FC}
		{71F65F5A-33C6-4840-B003-BDBD6AFCDD35} = {71F65F5A-33C6-4840-B003-BDBD6AFCDD35}
		{E1FDD879-0BA8-4E25-8D54-DBE997F9C574} = {E1FDD879-0BA8-4E25-8D54-DBE997F9C574}
		{264C317C-06C4-4333-8582-80AE0E0604FF} = {264C317C-06C4-4333-8582-80AE0E0604FF}
		{4D512185-A1BF-4F70-83CB-1E71CE59E5C3} = {4D512185-A1BF-4F70-83CB-1E71CE59E5C3}
		{DA18A594-E81F-4D45-B3E9-11DF3A15C22A} = {DA18A594-E81F-4D45-B3E9-11DF3A15C22A}
		{0BA7259C-3787-42F0-836A-8EBD429E035C} = {0BA7259C-3787-42F0-836A-8EBD429E035C}
		{E415F99D-8154-4B0D-8B6F-0A0E73D73BBC} = {E415F99D-8154-4B0D-8B6F-0A0E73D73BBC}
		{87204A9F-2D55-4B62-9FA8-9F168013230B} = {87204A9F-2D55-4B62-9FA8-9F168013230B}
	EndProjectSection
EndProject
Project("{8BC9CEB8-8B4A-11D0-8D11-00A0C91BC942}") = "AnimationTest", "AnimationTest\AnimationTest.vcxproj", "{D42D3473-037B-4C0F-BC02-9F94FAA4D60C}"
	ProjectSection(ProjectDependencies) = postProject
		{D589DB0B-309B-4E4D-83C8-2FCE3C98CBCB} = {D589DB0B-309B-4E4D-83C8-2FCE3C98CBCB}
		{050C2B14-A9E8-451D-BB9A-EDA222E2D7E9} = {050C2B14-A9E8-451D-BB9A-EDA222E2D7E9}
		{3FBACD15-97A0-4B85-A297-FA24E0DD09E9} = {3FBACD15-97A0-4B85-A297-FA24E0DD09E9}
		{28101919-ED03-4E7F-BE7F-0ADCBDC1C278} = {28101919-ED03-4E7F-BE7F-0ADCBDC1C278}
		{A89B5829-D5A6-48BE-AC62-E2F095FF64FC} = {A89B5829-D5A6-48BE-AC62-E2F095FF64FC}
		{71F65F5A-33C6-4840-B003-BDBD6AFCDD35} = {71F65F5A-33C6-4840-B003-BDBD6AFCDD35}
		{E1FDD879-0BA8-4E25-8D54-DBE997F9C574} = {E1FDD879-0BA8-4E25-8D54-DBE997F9C574}
		{4D512185-A1BF-4F70-83CB-1E71CE59E5C3} = {4D512185-A1BF-4F70-83CB-1E71CE59E5C3}
		{DA18A594-E81F-4D45-B3E9-11DF3A15C22A} = {DA18A594-E81F-4D45-B3E9-11DF3A15C22A}
		{0BA7259C-3787-42F0-836A-8EBD429E035C} = {0BA7259C-3787-42F0-836A-8EBD429E035C}
		{E415F99D-8154-4B0D-8B6F-0A0E73D73BBC} = {E415F99D-8154-4B0D-8B6F-0A0E73D73BBC}
		{87204A9F-2D55-4B62-9FA8-9F168013230B} = {87204A9F-2D55-4B62-9FA8-9F168013230B}
	EndProjectSection
EndProject
Project("{8BC9CEB8-8B4A-11D0-8D11-00A0C91BC942}") = "Threads", "Components\Tocs\Threads\Threads.vcxproj", "{C10CB6C8-04F2-46F2-A5E4-359287484D58}"
EndProject
Global
	GlobalSection(SolutionConfigurationPlatforms) = preSolution
		Debug|Win32 = Debug|Win32
		Release|Win32 = Release|Win32
		ReleaseFixed|Win32 = ReleaseFixed|Win32
	EndGlobalSection
	GlobalSection(ProjectConfigurationPlatforms) = postSolution
		{A1FE6373-D0FE-4EF0-8FD5-0D2D692401E0}.Debug|Win32.ActiveCfg = Debug|Win32
		{A1FE6373-D0FE-4EF0-8FD5-0D2D692401E0}.Debug|Win32.Build.0 = Debug|Win32
		{A1FE6373-D0FE-4EF0-8FD5-0D2D692401E0}.Release|Win32.ActiveCfg = Release|Win32
		{A1FE6373-D0FE-4EF0-8FD5-0D2D692401E0}.Release|Win32.Build.0 = Release|Win32
		{A1FE6373-D0FE-4EF0-8FD5-0D2D692401E0}.ReleaseFixed|Win32.ActiveCfg = ReleaseFixed|Win32
		{A1FE6373-D0FE-4EF0-8FD5-0D2D692401E0}.ReleaseFixed|Win32.Build.0 = ReleaseFixed|Win32
		{050C2B14-A9E8-451D-BB9A-EDA222E2D7E9}.Debug|Win32.ActiveCfg = Debug|Win32
		{050C2B14-A9E8-451D-BB9A-EDA222E2D7E9}.Debug|Win32.Build.0 = Debug|Win32
		{050C2B14-A9E8-451D-BB9A-EDA222E2D7E9}.Release|Win32.ActiveCfg = Release|Win32
		{050C2B14-A9E8-451D-BB9A-EDA222E2D7E9}.Release|Win32.Build.0 = Release|Win32
		{050C2B14-A9E8-451D-BB9A-EDA222E2D7E9}.ReleaseFixed|Win32.ActiveCfg = ReleaseFixed|Win32
		{050C2B14-A9E8-451D-BB9A-EDA222E2D7E9}.ReleaseFixed|Win32.Build.0 = ReleaseFixed|Win32
		{DA18A594-E81F-4D45-B3E9-11DF3A15C22A}.Debug|Win32.ActiveCfg = Debug|Win32
		{DA18A594-E81F-4D45-B3E9-11DF3A15C22A}.Debug|Win32.Build.0 = Debug|Win32
		{DA18A594-E81F-4D45-B3E9-11DF3A15C22A}.Release|Win32.ActiveCfg = Release|Win32
		{DA18A594-E81F-4D45-B3E9-11DF3A15C22A}.Release|Win32.Build.0 = Release|Win32
		{DA18A594-E81F-4D45-B3E9-11DF3A15C22A}.ReleaseFixed|Win32.ActiveCfg = ReleaseFixed|Win32
		{DA18A594-E81F-4D45-B3E9-11DF3A15C22A}.ReleaseFixed|Win32.Build.0 = ReleaseFixed|Win32
		{841FB433-C11D-45E0-9AD2-5347A1B6FFC6}.Debug|Win32.ActiveCfg = Debug|Win32
		{841FB433-C11D-45E0-9AD2-5347A1B6FFC6}.Debug|Win32.Build.0 = Debug|Win32
		{841FB433-C11D-45E0-9AD2-5347A1B6FFC6}.Release|Win32.ActiveCfg = Release|Win32
		{841FB433-C11D-45E0-9AD2-5347A1B6FFC6}.Release|Win32.Build.0 = Release|Win32
		{841FB433-C11D-45E0-9AD2-5347A1B6FFC6}.ReleaseFixed|Win32.ActiveCfg = ReleaseFixed|Win32
		{841FB433-C11D-45E0-9AD2-5347A1B6FFC6}.ReleaseFixed|Win32.Build.0 = ReleaseFixed|Win32
		{0BA7259C-3787-42F0-836A-8EBD429E035C}.Debug|Win32.ActiveCfg = Debug|Win32
		{0BA7259C-3787-42F0-836A-8EBD429E035C}.Debug|Win32.Build.0 = Debug|Win32
		{0BA7259C-3787-42F0-836A-8EBD429E035C}.Release|Win32.ActiveCfg = Release|Win32
		{0BA7259C-3787-42F0-836A-8EBD429E035C}.Release|Win32.Build.0 = Release|Win32
		{0BA7259C-3787-42F0-836A-8EBD429E035C}.ReleaseFixed|Win32.ActiveCfg = ReleaseFixed|Win32
		{0BA7259C-3787-42F0-836A-8EBD429E035C}.ReleaseFixed|Win32.Build.0 = ReleaseFixed|Win32
		{87204A9F-2D55-4B62-9FA8-9F168013230B}.Debug|Win32.ActiveCfg = Debug|Win32
		{87204A9F-2D55-4B62-9FA8-9F168013230B}.Debug|Win32.Build.0 = Debug|Win32
		{87204A9F-2D55-4B62-9FA8-9F168013230B}.Release|Win32.ActiveCfg = Release|Win32
		{87204A9F-2D55-4B62-9FA8-9F168013230B}.Release|Win32.Build.0 = Release|Win32
		{87204A9F-2D55-4B62-9FA8-9F168013230B}.ReleaseFixed|Win32.ActiveCfg = ReleaseFixed|Win32
		{87204A9F-2D55-4B62-9FA8-9F168013230B}.ReleaseFixed|Win32.Build.0 = ReleaseFixed|Win32
		{4D512185-A1BF-4F70-83CB-1E71CE59E5C3}.Debug|Win32.ActiveCfg = Debug|Win32
		{4D512185-A1BF-4F70-83CB-1E71CE59E5C3}.Debug|Win32.Build.0 = Debug|Win32
		{4D512185-A1BF-4F70-83CB-1E71CE59E5C3}.Release|Win32.ActiveCfg = Release|Win32
		{4D512185-A1BF-4F70-83CB-1E71CE59E5C3}.Release|Win32.Build.0 = Release|Win32
		{4D512185-A1BF-4F70-83CB-1E71CE59E5C3}.ReleaseFixed|Win32.ActiveCfg = ReleaseFixed|Win32
		{4D512185-A1BF-4F70-83CB-1E71CE59E5C3}.ReleaseFixed|Win32.Build.0 = ReleaseFixed|Win32
		{A89B5829-D5A6-48BE-AC62-E2F095FF64FC}.Debug|Win32.ActiveCfg = Debug|Win32
		{A89B5829-D5A6-48BE-AC62-E2F095FF64FC}.Debug|Win32.Build.0 = Debug|Win32
		{A89B5829-D5A6-48BE-AC62-E2F095FF64FC}.Release|Win32.ActiveCfg = Release|Win32
		{A89B5829-D5A6-48BE-AC62-E2F095FF64FC}.Release|Win32.Build.0 = Release|Win32
		{A89B5829-D5A6-48BE-AC62-E2F095FF64FC}.ReleaseFixed|Win32.ActiveCfg = ReleaseFixed|Win32
		{A89B5829-D5A6-48BE-AC62-E2F095FF64FC}.ReleaseFixed|Win32.Build.0 = ReleaseFixed|Win32
		{28101919-ED03-4E7F-BE7F-0ADCBDC1C278}.Debug|Win32.ActiveCfg = Debug|Win32
		{28101919-ED03-4E7F-BE7F-0ADCBDC1C278}.Debug|Win32.Build.0 = Debug|Win32
		{28101919-ED03-4E7F-BE7F-0ADCBDC1C278}.Release|Win32.ActiveCfg = Release|Win32
		{28101919-ED03-4E7F-BE7F-0ADCBDC1C278}.Release|Win32.Build.0 = Release|Win32
		{28101919-ED03-4E7F-BE7F-0ADCBDC1C278}.ReleaseFixed|Win32.ActiveCfg = ReleaseFixed|Win32
		{28101919-ED03-4E7F-BE7F-0ADCBDC1C278}.ReleaseFixed|Win32.Build.0 = ReleaseFixed|Win32
		{3FBACD15-97A0-4B85-A297-FA24E0DD09E9}.Debug|Win32.ActiveCfg = Debug|Win32
		{3FBACD15-97A0-4B85-A297-FA24E0DD09E9}.Debug|Win32.Build.0 = Debug|Win32
		{3FBACD15-97A0-4B85-A297-FA24E0DD09E9}.Release|Win32.ActiveCfg = Release|Win32
		{3FBACD15-97A0-4B85-A297-FA24E0DD09E9}.Release|Win32.Build.0 = Release|Win32
		{3FBACD15-97A0-4B85-A297-FA24E0DD09E9}.ReleaseFixed|Win32.ActiveCfg = ReleaseFixed|Win32
		{3FBACD15-97A0-4B85-A297-FA24E0DD09E9}.ReleaseFixed|Win32.Build.0 = ReleaseFixed|Win32
		{D589DB0B-309B-4E4D-83C8-2FCE3C98CBCB}.Debug|Win32.ActiveCfg = Debug|Win32
		{D589DB0B-309B-4E4D-83C8-2FCE3C98CBCB}.Debug|Win32.Build.0 = Debug|Win32
		{D589DB0B-309B-4E4D-83C8-2FCE3C98CBCB}.Release|Win32.ActiveCfg = Release|Win32
		{D589DB0B-309B-4E4D-83C8-2FCE3C98CBCB}.Release|Win32.Build.0 = Release|Win32
		{D589DB0B-309B-4E4D-83C8-2FCE3C98CBCB}.ReleaseFixed|Win32.ActiveCfg = ReleaseFixed|Win32
		{D589DB0B-309B-4E4D-83C8-2FCE3C98CBCB}.ReleaseFixed|Win32.Build.0 = ReleaseFixed|Win32
		{E1FDD879-0BA8-4E25-8D54-DBE997F9C574}.Debug|Win32.ActiveCfg = Debug|Win32
		{E1FDD879-0BA8-4E25-8D54-DBE997F9C574}.Debug|Win32.Build.0 = Debug|Win32
		{E1FDD879-0BA8-4E25-8D54-DBE997F9C574}.Release|Win32.ActiveCfg = Release|Win32
		{E1FDD879-0BA8-4E25-8D54-DBE997F9C574}.Release|Win32.Build.0 = Release|Win32
		{E1FDD879-0BA8-4E25-8D54-DBE997F9C574}.ReleaseFixed|Win32.ActiveCfg = ReleaseFixed|Win32
		{E1FDD879-0BA8-4E25-8D54-DBE997F9C574}.ReleaseFixed|Win32.Build.0 = ReleaseFixed|Win32
		{71F65F5A-33C6-4840-B003-BDBD6AFCDD35}.Debug|Win32.ActiveCfg = Debug|Win32
		{71F65F5A-33C6-4840-B003-BDBD6AFCDD35}.Debug|Win32.Build.0 = Debug|Win32
		{71F65F5A-33C6-4840-B003-BDBD6AFCDD35}.Release|Win32.ActiveCfg = Release|Win32
		{71F65F5A-33C6-4840-B003-BDBD6AFCDD35}.Release|Win32.Build.0 = Release|Win32
		{71F65F5A-33C6-4840-B003-BDBD6AFCDD35}.ReleaseFixed|Win32.ActiveCfg = ReleaseFixed|Win32
		{71F65F5A-33C6-4840-B003-BDBD6AFCDD35}.ReleaseFixed|Win32.Build.0 = ReleaseFixed|Win32
		{E415F99D-8154-4B0D-8B6F-0A0E73D73BBC}.Debug|Win32.ActiveCfg = Debug|Win32
		{E415F99D-8154-4B0D-8B6F-0A0E73D73BBC}.Debug|Win32.Build.0 = Debug|Win32
		{E415F99D-8154-4B0D-8B6F-0A0E73D73BBC}.Release|Win32.ActiveCfg = Release|Win32
		{E415F99D-8154-4B0D-8B6F-0A0E73D73BBC}.Release|Win32.Build.0 = Release|Win32
		{E415F99D-8154-4B0D-8B6F-0A0E73D73BBC}.ReleaseFixed|Win32.ActiveCfg = Release|Win32
		{E415F99D-8154-4B0D-8B6F-0A0E73D73BBC}.ReleaseFixed|Win32.Build.0 = Release|Win32
		{264C317C-06C4-4333-8582-80AE0E0604FF}.Debug|Win32.ActiveCfg = Debug|Win32
		{264C317C-06C4-4333-8582-80AE0E0604FF}.Release|Win32.ActiveCfg = Release|Win32
		{264C317C-06C4-4333-8582-80AE0E0604FF}.Release|Win32.Build.0 = Release|Win32
		{264C317C-06C4-4333-8582-80AE0E0604FF}.ReleaseFixed|Win32.ActiveCfg = Release|Win32
		{264C317C-06C4-4333-8582-80AE0E0604FF}.ReleaseFixed|Win32.Build.0 = Release|Win32
		{3000BC89-93B8-46E1-89E3-5E854EB0CF3E}.Debug|Win32.ActiveCfg = Debug|Win32
		{3000BC89-93B8-46E1-89E3-5E854EB0CF3E}.Debug|Win32.Build.0 = Debug|Win32
		{3000BC89-93B8-46E1-89E3-5E854EB0CF3E}.Release|Win32.ActiveCfg = Release|Win32
		{3000BC89-93B8-46E1-89E3-5E854EB0CF3E}.Release|Win32.Build.0 = Release|Win32
		{3000BC89-93B8-46E1-89E3-5E854EB0CF3E}.ReleaseFixed|Win32.ActiveCfg = Release|Win32
		{3000BC89-93B8-46E1-89E3-5E854EB0CF3E}.ReleaseFixed|Win32.Build.0 = Release|Win32
		{6F1D130E-11C9-4261-8C9E-D20A4E599850}.Debug|Win32.ActiveCfg = Debug|Win32
		{6F1D130E-11C9-4261-8C9E-D20A4E599850}.Debug|Win32.Build.0 = Debug|Win32
		{6F1D130E-11C9-4261-8C9E-D20A4E599850}.Release|Win32.ActiveCfg = Release|Win32
		{6F1D130E-11C9-4261-8C9E-D20A4E599850}.Release|Win32.Build.0 = Release|Win32
		{6F1D130E-11C9-4261-8C9E-D20A4E599850}.ReleaseFixed|Win32.ActiveCfg = Release|Win32
		{6F1D130E-11C9-4261-8C9E-D20A4E599850}.ReleaseFixed|Win32.Build.0 = Release|Win32
		{1A6FB26A-30A3-4DA9-99CA-A120B0CB9715}.Debug|Win32.ActiveCfg = Debug|Win32
		{1A6FB26A-30A3-4DA9-99CA-A120B0CB9715}.Debug|Win32.Build.0 = Debug|Win32
		{1A6FB26A-30A3-4DA9-99CA-A120B0CB9715}.Release|Win32.ActiveCfg = Release|Win32
		{1A6FB26A-30A3-4DA9-99CA-A120B0CB9715}.Release|Win32.Build.0 = Release|Win32
		{1A6FB26A-30A3-4DA9-99CA-A120B0CB9715}.ReleaseFixed|Win32.ActiveCfg = Release|Win32
		{1A6FB26A-30A3-4DA9-99CA-A120B0CB9715}.ReleaseFixed|Win32.Build.0 = Release|Win32
		{D42D3473-037B-4C0F-BC02-9F94FAA4D60C}.Debug|Win32.ActiveCfg = Debug|Win32
		{D42D3473-037B-4C0F-BC02-9F94FAA4D60C}.Debug|Win32.Build.0 = Debug|Win32
		{D42D3473-037B-4C0F-BC02-9F94FAA4D60C}.Release|Win32.ActiveCfg = Release|Win32
		{D42D3473-037B-4C0F-BC02-9F94FAA4D60C}.Release|Win32.Build.0 = Release|Win32
		{D42D3473-037B-4C0F-BC02-9F94FAA4D60C}.ReleaseFixed|Win32.ActiveCfg = Release|Win32
		{D42D3473-037B-4C0F-BC02-9F94FAA4D60C}.ReleaseFixed|Win32.Build.0 = Release|Win32
		{C10CB6C8-04F2-46F2-A5E4-359287484D58}.Debug|Win32.ActiveCfg = Debug|Win32
		{C10CB6C8-04F2-46F2-A5E4-359287484D58}.Debug|Win32.Build.0 = Debug|Win32
		{C10CB6C8-04F2-46F2-A5E4-359287484D58}.Release|Win32.ActiveCfg = Release|Win32
		{C10CB6C8-04F2-46F2-A5E4-359287484D58}.Release|Win32.Build.0 = Release|Win32
		{C10CB6C8-04F2-46F2-A5E4-359287484D58}.ReleaseFixed|Win32.ActiveCfg = Release|Win32
		{C10CB6C8-04F2-46F2-A5E4-359287484D58}.ReleaseFixed|Win32.Build.0 = Release|Win32
	EndGlobalSection
	GlobalSection(SolutionProperties) = preSolution
		HideSolutionNode = FALSE
	EndGlobalSection
EndGlobal
