<?xml version="1.0" encoding="utf-8"?>
<Project ToolsVersion="4.0" xmlns="http://schemas.microsoft.com/developer/msbuild/2003">
  <ItemGroup>
    <Filter Include="Source Files">
      <UniqueIdentifier>{4FC737F1-C7A5-4376-A066-2A32D752A2FF}</UniqueIdentifier>
      <Extensions>cpp;c;cc;cxx;def;odl;idl;hpj;bat;asm;asmx</Extensions>
    </Filter>
    <Filter Include="Header Files">
      <UniqueIdentifier>{93995380-89BD-4b04-88EB-625FBE52EBFB}</UniqueIdentifier>
      <Extensions>h;hpp;hxx;hm;inl;inc;xsd</Extensions>
    </Filter>
    <Filter Include="Resource Files">
      <UniqueIdentifier>{67DA6AB6-F800-4c08-8B7A-83BB121AAD01}</UniqueIdentifier>
      <Extensions>rc;ico;cur;bmp;dlg;rc2;rct;bin;rgs;gif;jpg;jpeg;jpe;resx;tiff;tif;png;wav;mfcribbon-ms</Extensions>
    </Filter>
    <Filter Include="Header Files\Meshing">
      <UniqueIdentifier>{0067562b-ce06-480e-b557-66964542ee9b}</UniqueIdentifier>
    </Filter>
    <Filter Include="Source Files\Meshing">
      <UniqueIdentifier>{65a98ad0-5643-4df4-ab5c-c38ced32cb95}</UniqueIdentifier>
    </Filter>
    <Filter Include="Source Files\Lighting">
      <UniqueIdentifier>{dec2e515-31a8-4335-b8c7-160a4f5bca53}</UniqueIdentifier>
    </Filter>
    <Filter Include="Header Files\Lighting">
      <UniqueIdentifier>{1bf36c9a-f77c-4559-90b9-dd825c42a539}</UniqueIdentifier>
    </Filter>
    <Filter Include="Header Files\Pipeline">
      <UniqueIdentifier>{7a66fd4a-8722-4b38-b97f-3f423f60502a}</UniqueIdentifier>
    </Filter>
    <Filter Include="Source Files\Pipeline">
      <UniqueIdentifier>{56ae5287-0871-4a7d-9baa-28ce9ac09801}</UniqueIdentifier>
    </Filter>
    <Filter Include="Header Files\Material">
      <UniqueIdentifier>{4b27dcc7-145a-4020-9c93-6f1abdae7930}</UniqueIdentifier>
    </Filter>
    <Filter Include="Source Files\Materials">
      <UniqueIdentifier>{016d2189-d0b1-472b-ac5a-32dd629dfe12}</UniqueIdentifier>
    </Filter>
    <Filter Include="Header Files\Lighting\Deferred">
      <UniqueIdentifier>{b898117d-9eb4-4ac8-9bf5-cafda22d88e6}</UniqueIdentifier>
    </Filter>
    <Filter Include="Source Files\Lighting\Deferred">
      <UniqueIdentifier>{9b6b951e-95f7-47a0-a4d7-e1825051f919}</UniqueIdentifier>
    </Filter>
    <Filter Include="Source Files\Lights">
      <UniqueIdentifier>{a46d300f-59fb-4f5d-9d1b-3396dc928443}</UniqueIdentifier>
    </Filter>
    <Filter Include="Header Files\Lights">
      <UniqueIdentifier>{7c49eda6-d2f5-45b3-ae4a-bc8ae5d8e1fc}</UniqueIdentifier>
    </Filter>
    <Filter Include="Header Files\Lighting\Transparency">
      <UniqueIdentifier>{d2c5f389-2ea3-451b-8485-549a14cb7f61}</UniqueIdentifier>
    </Filter>
    <Filter Include="Header Files\Drawable">
      <UniqueIdentifier>{5f931705-d842-4b6f-b9bc-613cde417882}</UniqueIdentifier>
    </Filter>
    <Filter Include="Source Files\Drawable">
      <UniqueIdentifier>{195490b9-08be-4bd1-9a37-d20e95dc5e64}</UniqueIdentifier>
    </Filter>
    <Filter Include="Source Files\Geometry">
      <UniqueIdentifier>{387941df-aeba-4d89-878b-d63c074a9c73}</UniqueIdentifier>
    </Filter>
    <Filter Include="Header Files\Geometry">
      <UniqueIdentifier>{f0c9d654-0f6c-4723-98db-494cfce0a603}</UniqueIdentifier>
    </Filter>
    <Filter Include="Header Files\Lighting\Forward">
      <UniqueIdentifier>{b86513d3-aff8-4dfc-a6e3-ca8dc9241506}</UniqueIdentifier>
    </Filter>
    <Filter Include="Header Files\Pipeline\Pipes">
      <UniqueIdentifier>{a19c834a-64b9-4b82-95ef-7b11b4d28b96}</UniqueIdentifier>
    </Filter>
    <Filter Include="Source Files\Pipeline\Pipes">
      <UniqueIdentifier>{d483a64c-58af-4d8f-a5cd-a5bcd3c605b5}</UniqueIdentifier>
    </Filter>
    <Filter Include="Header Files\Permutation">
      <UniqueIdentifier>{c9f4dd6a-e2ef-40d5-9b6e-30570fb09915}</UniqueIdentifier>
    </Filter>
    <Filter Include="Source Files\Permutation">
      <UniqueIdentifier>{1bf63bb7-b939-41be-8f59-c9ea0fad042f}</UniqueIdentifier>
    </Filter>
    <Filter Include="Source Files\Lighting\Forward">
      <UniqueIdentifier>{c0daa0b3-dc29-4559-a668-e3d35d83ae59}</UniqueIdentifier>
    </Filter>
    <Filter Include="Source Files\Lighting\Transparency">
      <UniqueIdentifier>{f5eb5c5e-a535-406c-ad8c-0b6c4dcb6e50}</UniqueIdentifier>
    </Filter>
    <Filter Include="Header Files\Lighting\Shadows">
      <UniqueIdentifier>{e18137b3-a84c-4d63-bb87-d5cd3fcd9a39}</UniqueIdentifier>
    </Filter>
    <Filter Include="Source Files\Lighting\Shadows">
      <UniqueIdentifier>{703c8827-b809-4a98-81e7-5c332c7c8f34}</UniqueIdentifier>
    </Filter>
    <Filter Include="Header Files\Particles">
      <UniqueIdentifier>{f2697539-f01e-4595-94eb-11bddd27fe7f}</UniqueIdentifier>
    </Filter>
    <Filter Include="Source Files\Particles">
      <UniqueIdentifier>{81ec7008-69cb-4265-b378-4f96d81d07f9}</UniqueIdentifier>
    </Filter>
    <Filter Include="Header Files\Particles\Emitters">
      <UniqueIdentifier>{566ead6a-2550-420f-a4f4-8bf8b75250f0}</UniqueIdentifier>
    </Filter>
    <Filter Include="Source Files\Particles\Emitters">
      <UniqueIdentifier>{d932d665-30eb-4760-bc66-552a70ed1ced}</UniqueIdentifier>
    </Filter>
    <Filter Include="Header Files\PostProcessing">
      <UniqueIdentifier>{b7e22060-1206-4727-b798-0e6e304ca702}</UniqueIdentifier>
    </Filter>
    <Filter Include="Source Files\PostProcessing">
      <UniqueIdentifier>{52526f46-05e7-4c42-ae92-70ddd31e7f3d}</UniqueIdentifier>
    </Filter>
    <Filter Include="Source Files\Particles\Controllers">
      <UniqueIdentifier>{f3cb5c1d-c00f-474c-9fb1-047af30ed1ba}</UniqueIdentifier>
    </Filter>
    <Filter Include="Header Files\Particles\Controllers">
      <UniqueIdentifier>{a57fa21e-579c-4053-88d7-c921796d6b27}</UniqueIdentifier>
    </Filter>
  </ItemGroup>
  <ItemGroup>
    <ClInclude Include="Camera.h">
      <Filter>Header Files</Filter>
    </ClInclude>
    <ClInclude Include="Mesh.h">
      <Filter>Header Files\Meshing</Filter>
    </ClInclude>
    <ClInclude Include="MeshPart.h">
      <Filter>Header Files\Meshing</Filter>
    </ClInclude>
    <ClInclude Include="Vertices.h">
      <Filter>Header Files\Meshing</Filter>
    </ClInclude>
    <ClInclude Include="GBuffer.h">
      <Filter>Header Files\Lighting\Deferred</Filter>
    </ClInclude>
    <ClInclude Include="RenderSystem.h">
      <Filter>Header Files</Filter>
    </ClInclude>
    <ClInclude Include="LightHulls.h">
      <Filter>Header Files\Lighting\Deferred</Filter>
    </ClInclude>
    <ClInclude Include="Light.h">
      <Filter>Header Files\Lights</Filter>
    </ClInclude>
    <ClInclude Include="DynamicOctree.h">
      <Filter>Header Files</Filter>
    </ClInclude>
    <ClInclude Include="FullscreenQuad.h">
      <Filter>Header Files\Meshing</Filter>
    </ClInclude>
    <ClInclude Include="Job.h">
      <Filter>Header Files\Pipeline</Filter>
    </ClInclude>
    <ClInclude Include="DrawCall.h">
      <Filter>Header Files\Pipeline</Filter>
    </ClInclude>
    <ClInclude Include="Pipe.h">
      <Filter>Header Files\Pipeline</Filter>
    </ClInclude>
    <ClInclude Include="Pipeline.h">
      <Filter>Header Files\Pipeline</Filter>
    </ClInclude>
    <ClInclude Include="Drawable.h">
      <Filter>Header Files\Drawable</Filter>
    </ClInclude>
    <ClInclude Include="StaticMesh.h">
      <Filter>Header Files\Drawable</Filter>
    </ClInclude>
    <ClInclude Include="Material.h">
      <Filter>Header Files\Material</Filter>
    </ClInclude>
    <ClInclude Include="LightShader.h">
      <Filter>Header Files\Material</Filter>
    </ClInclude>
    <ClInclude Include="ShaderPool.h">
      <Filter>Header Files\Material</Filter>
    </ClInclude>
    <ClInclude Include="WirePipe.h">
      <Filter>Header Files\Pipeline\Pipes</Filter>
    </ClInclude>
    <ClInclude Include="WireframeShader.h">
      <Filter>Header Files\Material</Filter>
    </ClInclude>
    <ClInclude Include="ShaderPermutationTemplate.h">
      <Filter>Header Files\Permutation</Filter>
    </ClInclude>
    <ClInclude Include="ShaderPermutationInput.h">
      <Filter>Header Files\Permutation</Filter>
    </ClInclude>
    <ClInclude Include="LightGrid.h">
      <Filter>Header Files\Lighting\Forward</Filter>
    </ClInclude>
    <ClInclude Include="DeferredPipe.h">
      <Filter>Header Files\Pipeline\Pipes</Filter>
    </ClInclude>
    <ClInclude Include="Geometry.h">
      <Filter>Header Files\Geometry</Filter>
    </ClInclude>
    <ClInclude Include="OpaqueForwardPipe.h">
      <Filter>Header Files\Pipeline\Pipes</Filter>
    </ClInclude>
    <ClInclude Include="ABuffer.h">
      <Filter>Header Files\Lighting\Transparency</Filter>
    </ClInclude>
    <ClInclude Include="DebugDraw.h">
      <Filter>Header Files</Filter>
    </ClInclude>
    <ClInclude Include="TransparentForwardPipe.h">
      <Filter>Header Files\Pipeline\Pipes</Filter>
    </ClInclude>
    <ClInclude Include="DeferredShader.h">
      <Filter>Header Files\Material</Filter>
    </ClInclude>
    <ClInclude Include="ShadowManager.h">
      <Filter>Header Files\Lighting\Shadows</Filter>
    </ClInclude>
    <ClInclude Include="ShadowPipe.h">
      <Filter>Header Files\Pipeline\Pipes</Filter>
    </ClInclude>
    <ClInclude Include="ParticleSystem.h">
      <Filter>Header Files\Particles</Filter>
    </ClInclude>
    <ClInclude Include="UnlitShader.h">
      <Filter>Header Files\Material</Filter>
    </ClInclude>
    <ClInclude Include="ShadowShader.h">
      <Filter>Header Files\Material</Filter>
    </ClInclude>
    <ClInclude Include="ParticleDescription.h">
      <Filter>Header Files\Particles</Filter>
    </ClInclude>
    <ClInclude Include="ParticleController.h">
      <Filter>Header Files\Particles</Filter>
    </ClInclude>
    <ClInclude Include="ParticleGeometry.h">
      <Filter>Header Files\Particles</Filter>
    </ClInclude>
    <ClInclude Include="ParticleEmitter.h">
      <Filter>Header Files\Particles</Filter>
    </ClInclude>
    <ClInclude Include="ParticleDataBuffer.h">
      <Filter>Header Files\Particles</Filter>
    </ClInclude>
    <ClInclude Include="PointEmitter.h">
      <Filter>Header Files\Particles\Emitters</Filter>
    </ClInclude>
    <ClInclude Include="PostProcess.h">
      <Filter>Header Files\PostProcessing</Filter>
    </ClInclude>
    <ClInclude Include="BloomAndGlow.h">
      <Filter>Header Files\PostProcessing</Filter>
    </ClInclude>
    <ClInclude Include="PostProcessing.h">
      <Filter>Header Files\PostProcessing</Filter>
    </ClInclude>
    <ClInclude Include="SMAA.h">
      <Filter>Header Files\PostProcessing</Filter>
    </ClInclude>
    <ClInclude Include="ShaderController.h">
      <Filter>Header Files\Particles\Controllers</Filter>
    </ClInclude>
  </ItemGroup>
  <ItemGroup>
    <ClCompile Include="Camera.cpp">
      <Filter>Source Files</Filter>
    </ClCompile>
    <ClCompile Include="ShaderPool.cpp">
      <Filter>Source Files</Filter>
    </ClCompile>
    <ClCompile Include="Mesh.cpp">
      <Filter>Source Files\Meshing</Filter>
    </ClCompile>
    <ClCompile Include="MeshPart.cpp">
      <Filter>Source Files\Meshing</Filter>
    </ClCompile>
    <ClCompile Include="Vertices.cpp">
      <Filter>Source Files\Meshing</Filter>
    </ClCompile>
    <ClCompile Include="GBuffer.cpp">
      <Filter>Source Files\Lighting\Deferred</Filter>
    </ClCompile>
    <ClCompile Include="RenderSystem.cpp">
      <Filter>Source Files</Filter>
    </ClCompile>
    <ClCompile Include="LightHulls.cpp">
      <Filter>Source Files\Lighting\Deferred</Filter>
    </ClCompile>
    <ClCompile Include="FullscreenQuad.cpp">
      <Filter>Source Files\Meshing</Filter>
    </ClCompile>
    <ClCompile Include="Job.cpp">
      <Filter>Source Files\Pipeline</Filter>
    </ClCompile>
    <ClCompile Include="DrawCall.cpp">
      <Filter>Source Files\Pipeline</Filter>
    </ClCompile>
    <ClCompile Include="Pipe.cpp">
      <Filter>Source Files\Pipeline</Filter>
    </ClCompile>
    <ClCompile Include="Pipeline.cpp">
      <Filter>Source Files\Pipeline</Filter>
    </ClCompile>
    <ClCompile Include="Drawable.cpp">
      <Filter>Source Files\Drawable</Filter>
    </ClCompile>
    <ClCompile Include="Material.cpp">
      <Filter>Source Files\Materials</Filter>
    </ClCompile>
    <ClCompile Include="Light.cpp">
      <Filter>Source Files\Lights</Filter>
    </ClCompile>
    <ClCompile Include="LightGrid.cpp">
      <Filter>Source Files\Lighting\Forward</Filter>
    </ClCompile>
    <ClCompile Include="Geometry.cpp">
      <Filter>Source Files\Geometry</Filter>
    </ClCompile>
    <ClCompile Include="StaticMesh.cpp">
      <Filter>Source Files\Drawable</Filter>
    </ClCompile>
    <ClCompile Include="WirePipe.cpp">
      <Filter>Source Files\Pipeline\Pipes</Filter>
    </ClCompile>
    <ClCompile Include="WireframeShader.cpp">
      <Filter>Source Files\Materials</Filter>
    </ClCompile>
    <ClCompile Include="ShaderPermutationTemplate.cpp">
      <Filter>Source Files\Permutation</Filter>
    </ClCompile>
    <ClCompile Include="ShaderPermutationInput.cpp">
      <Filter>Source Files\Permutation</Filter>
    </ClCompile>
    <ClCompile Include="DeferredPipe.cpp">
      <Filter>Source Files\Pipeline\Pipes</Filter>
    </ClCompile>
    <ClCompile Include="OpaqueForwardPipe.cpp">
      <Filter>Source Files\Pipeline\Pipes</Filter>
    </ClCompile>
    <ClCompile Include="ABuffer.cpp">
      <Filter>Source Files\Lighting\Transparency</Filter>
    </ClCompile>
    <ClCompile Include="DebugDraw.cpp">
      <Filter>Source Files</Filter>
    </ClCompile>
    <ClCompile Include="TransparentForwardPipe.cpp">
      <Filter>Source Files\Pipeline\Pipes</Filter>
    </ClCompile>
    <ClCompile Include="DeferredShader.cpp">
      <Filter>Source Files\Materials</Filter>
    </ClCompile>
    <ClCompile Include="ShadowManager.cpp">
      <Filter>Source Files\Lighting\Shadows</Filter>
    </ClCompile>
    <ClCompile Include="ShadowShader.cpp">
      <Filter>Source Files\Materials</Filter>
    </ClCompile>
    <ClCompile Include="ParticleSystem.cpp">
      <Filter>Source Files\Particles</Filter>
    </ClCompile>
    <ClCompile Include="LightShader.cpp">
      <Filter>Source Files\Materials</Filter>
    </ClCompile>
    <ClCompile Include="UnlitShader.cpp">
      <Filter>Source Files\Materials</Filter>
    </ClCompile>
    <ClCompile Include="ParticleDescription.cpp">
      <Filter>Source Files\Particles</Filter>
    </ClCompile>
    <ClCompile Include="ParticleDataBuffer.cpp">
      <Filter>Source Files\Particles</Filter>
    </ClCompile>
    <ClCompile Include="ParticleController.cpp">
      <Filter>Source Files\Particles</Filter>
    </ClCompile>
    <ClCompile Include="ParticleGeometry.cpp">
      <Filter>Source Files\Particles</Filter>
    </ClCompile>
    <ClCompile Include="ParticleEmitter.cpp">
      <Filter>Source Files\Particles</Filter>
    </ClCompile>
    <ClCompile Include="ShadowPipe.cpp">
      <Filter>Source Files\Pipeline\Pipes</Filter>
    </ClCompile>
    <ClCompile Include="PointEmitter.cpp">
      <Filter>Source Files\Particles\Emitters</Filter>
    </ClCompile>
    <ClCompile Include="PostProcess.cpp">
      <Filter>Source Files\PostProcessing</Filter>
    </ClCompile>
    <ClCompile Include="PostProcessing.cpp">
      <Filter>Source Files\PostProcessing</Filter>
    </ClCompile>
    <ClCompile Include="BloomAndGlow.cpp">
      <Filter>Source Files\PostProcessing</Filter>
    </ClCompile>
    <ClCompile Include="SMAA.cpp">
      <Filter>Source Files\PostProcessing</Filter>
    </ClCompile>
    <ClCompile Include="ShaderController.cpp">
      <Filter>Source Files\Particles\Controllers</Filter>
    </ClCompile>
  </ItemGroup>
</Project>