<?xml version="1.0" encoding="utf-8"?>
<Project ToolsVersion="4.0" xmlns="http://schemas.microsoft.com/developer/msbuild/2003">
  <ItemGroup>
    <Filter Include="Source Files">
      <UniqueIdentifier>{4FC737F1-C7A5-4376-A066-2A32D752A2FF}</UniqueIdentifier>
      <Extensions>cpp;c;cc;cxx;def;odl;idl;hpj;bat;asm;asmx</Extensions>
    </Filter>
    <Filter Include="Header Files">
      <UniqueIdentifier>{93995380-89BD-4b04-88EB-625FBE52EBFB}</UniqueIdentifier>
      <Extensions>h;hpp;hxx;hm;inl;inc;xsd</Extensions>
    </Filter>
    <Filter Include="Resource Files">
      <UniqueIdentifier>{67DA6AB6-F800-4c08-8B7A-83BB121AAD01}</UniqueIdentifier>
      <Extensions>rc;ico;cur;bmp;dlg;rc2;rct;bin;rgs;gif;jpg;jpeg;jpe;resx;tiff;tif;png;wav;mfcribbon-ms</Extensions>
    </Filter>
    <Filter Include="Header Files\Materials">
      <UniqueIdentifier>{97d2e1c8-fc33-44fd-8dc8-4a57813a789e}</UniqueIdentifier>
    </Filter>
    <Filter Include="Source Files\Materials">
      <UniqueIdentifier>{da15b4f8-c73f-4d62-a1e5-b3bec91376f8}</UniqueIdentifier>
    </Filter>
    <Filter Include="Source Files\Pipeline">
      <UniqueIdentifier>{2709b825-9a17-4f85-926e-98ba7d104266}</UniqueIdentifier>
    </Filter>
    <Filter Include="Header Files\Pipeline">
      <UniqueIdentifier>{579a6524-b169-4dc5-90f2-57471961b45d}</UniqueIdentifier>
    </Filter>
    <Filter Include="Source Files\ShaderPermutating">
      <UniqueIdentifier>{c89e231b-96fc-4aca-afe1-6b5785e5deea}</UniqueIdentifier>
    </Filter>
    <Filter Include="Header Files\ShaderPermutating">
      <UniqueIdentifier>{1a30c4ef-0fe8-4b64-9310-730b0e86cdd7}</UniqueIdentifier>
    </Filter>
    <Filter Include="Header Files\Meshing">
      <UniqueIdentifier>{0067562b-ce06-480e-b557-66964542ee9b}</UniqueIdentifier>
    </Filter>
    <Filter Include="Source Files\Meshing">
      <UniqueIdentifier>{65a98ad0-5643-4df4-ab5c-c38ced32cb95}</UniqueIdentifier>
    </Filter>
    <Filter Include="Header Files\Meshing\Jobs">
      <UniqueIdentifier>{c0d22bda-3ae4-4d11-81ac-a4bd542f3ab3}</UniqueIdentifier>
    </Filter>
    <Filter Include="Source Files\Deferred">
      <UniqueIdentifier>{9b6b951e-95f7-47a0-a4d7-e1825051f919}</UniqueIdentifier>
    </Filter>
    <Filter Include="Header Files\Deferred">
      <UniqueIdentifier>{b898117d-9eb4-4ac8-9bf5-cafda22d88e6}</UniqueIdentifier>
    </Filter>
    <Filter Include="Header Files\RenderObjects">
      <UniqueIdentifier>{97bc156a-5e08-4ea2-af03-01a98b0848c6}</UniqueIdentifier>
    </Filter>
    <Filter Include="Source Files\RenderObjects">
      <UniqueIdentifier>{f917a57e-d08a-4fb2-ba44-f671cd1b9b75}</UniqueIdentifier>
    </Filter>
    <Filter Include="Header Files\Lighting">
      <UniqueIdentifier>{4b20e606-62a8-4da6-97a9-d6df25b98c24}</UniqueIdentifier>
    </Filter>
    <Filter Include="Source Files\Lighting">
      <UniqueIdentifier>{a6385484-3dc7-4ca1-8823-045dbc2cc5e0}</UniqueIdentifier>
    </Filter>
  </ItemGroup>
  <ItemGroup>
    <ClInclude Include="Camera.h">
      <Filter>Header Files</Filter>
    </ClInclude>
    <ClInclude Include="Material.h">
      <Filter>Header Files\Materials</Filter>
    </ClInclude>
    <ClInclude Include="RenderJob.h">
      <Filter>Header Files\Pipeline</Filter>
    </ClInclude>
    <ClInclude Include="Pipeline.h">
      <Filter>Header Files\Pipeline</Filter>
    </ClInclude>
    <ClInclude Include="Pipe.h">
      <Filter>Header Files\Pipeline</Filter>
    </ClInclude>
    <ClInclude Include="MaterialValue.h">
      <Filter>Header Files\Materials</Filter>
    </ClInclude>
    <ClInclude Include="ShaderPermutator.h">
      <Filter>Header Files\ShaderPermutating</Filter>
    </ClInclude>
    <ClInclude Include="PermutationField.h">
      <Filter>Header Files\ShaderPermutating</Filter>
    </ClInclude>
    <ClInclude Include="PermutationID.h">
      <Filter>Header Files\ShaderPermutating</Filter>
    </ClInclude>
    <ClInclude Include="PermutationValue.h">
      <Filter>Header Files\ShaderPermutating</Filter>
    </ClInclude>
    <ClInclude Include="ShaderTemplate.h">
      <Filter>Header Files\ShaderPermutating</Filter>
    </ClInclude>
    <ClInclude Include="PermutationValueSet.h">
      <Filter>Header Files\ShaderPermutating</Filter>
    </ClInclude>
    <ClInclude Include="Permutation.h">
      <Filter>Header Files\ShaderPermutating</Filter>
    </ClInclude>
    <ClInclude Include="ShaderPool.h">
      <Filter>Header Files</Filter>
    </ClInclude>
    <ClInclude Include="Mesh.h">
      <Filter>Header Files\Meshing</Filter>
    </ClInclude>
    <ClInclude Include="MeshBuilder.h">
      <Filter>Header Files\Meshing</Filter>
    </ClInclude>
    <ClInclude Include="MeshPart.h">
      <Filter>Header Files\Meshing</Filter>
    </ClInclude>
    <ClInclude Include="RenderObject.h">
      <Filter>Header Files</Filter>
    </ClInclude>
    <ClInclude Include="Primitives.h">
      <Filter>Header Files\Meshing</Filter>
    </ClInclude>
    <ClInclude Include="GeometryHandler.h">
      <Filter>Header Files\Meshing</Filter>
    </ClInclude>
    <ClInclude Include="MaterialPassSession.h">
      <Filter>Header Files\Materials</Filter>
    </ClInclude>
    <ClInclude Include="Vertices.h">
      <Filter>Header Files\Meshing</Filter>
    </ClInclude>
    <ClInclude Include="PermutationValueType.h">
      <Filter>Header Files\ShaderPermutating</Filter>
    </ClInclude>
    <ClInclude Include="RenderSystem.h">
      <Filter>Header Files</Filter>
    </ClInclude>
    <ClInclude Include="StaticGeometryHandlers.h">
      <Filter>Header Files</Filter>
    </ClInclude>
    <ClInclude Include="GBuffer.h">
      <Filter>Header Files\Deferred</Filter>
    </ClInclude>
    <ClInclude Include="DeferredMaterial.h">
      <Filter>Header Files\Deferred</Filter>
    </ClInclude>
    <ClInclude Include="DeferredPipe.h">
      <Filter>Header Files\Deferred</Filter>
    </ClInclude>
    <ClInclude Include="MeshJob.h">
      <Filter>Header Files\Meshing</Filter>
    </ClInclude>
    <ClInclude Include="Model.h">
      <Filter>Header Files\RenderObjects</Filter>
    </ClInclude>
    <ClInclude Include="PointLight.h">
      <Filter>Header Files\RenderObjects</Filter>
    </ClInclude>
    <ClInclude Include="LightPipe.h">
      <Filter>Header Files\Lighting</Filter>
    </ClInclude>
    <ClInclude Include="PointLightJob.h">
      <Filter>Header Files\Lighting</Filter>
    </ClInclude>
  </ItemGroup>
  <ItemGroup>
    <ClCompile Include="Camera.cpp">
      <Filter>Source Files</Filter>
    </ClCompile>
    <ClCompile Include="Material.cpp">
      <Filter>Source Files\Materials</Filter>
    </ClCompile>
    <ClCompile Include="MaterialValue.cpp">
      <Filter>Source Files\Materials</Filter>
    </ClCompile>
    <ClCompile Include="Pipe.cpp">
      <Filter>Source Files\Pipeline</Filter>
    </ClCompile>
    <ClCompile Include="Pipeline.cpp">
      <Filter>Source Files\Pipeline</Filter>
    </ClCompile>
    <ClCompile Include="RenderJob.cpp">
      <Filter>Source Files\Pipeline</Filter>
    </ClCompile>
    <ClCompile Include="ShaderPermutator.cpp">
      <Filter>Source Files\ShaderPermutating</Filter>
    </ClCompile>
    <ClCompile Include="PermutationField.cpp">
      <Filter>Source Files\ShaderPermutating</Filter>
    </ClCompile>
    <ClCompile Include="PermutationID.cpp">
      <Filter>Source Files\ShaderPermutating</Filter>
    </ClCompile>
    <ClCompile Include="PermutationValue.cpp">
      <Filter>Source Files\ShaderPermutating</Filter>
    </ClCompile>
    <ClCompile Include="PermutationValueSet.cpp">
      <Filter>Source Files\ShaderPermutating</Filter>
    </ClCompile>
    <ClCompile Include="ShaderTemplate.cpp">
      <Filter>Source Files\ShaderPermutating</Filter>
    </ClCompile>
    <ClCompile Include="Permutation.cpp">
      <Filter>Source Files\ShaderPermutating</Filter>
    </ClCompile>
    <ClCompile Include="PermutationValueType.cpp">
      <Filter>Source Files\ShaderPermutating</Filter>
    </ClCompile>
    <ClCompile Include="ShaderPool.cpp">
      <Filter>Source Files</Filter>
    </ClCompile>
    <ClCompile Include="MaterialPassSession.cpp">
      <Filter>Source Files\Materials</Filter>
    </ClCompile>
    <ClCompile Include="Mesh.cpp">
      <Filter>Source Files\Meshing</Filter>
    </ClCompile>
    <ClCompile Include="MeshBuilder.cpp">
      <Filter>Source Files\Meshing</Filter>
    </ClCompile>
    <ClCompile Include="MeshPart.cpp">
      <Filter>Source Files\Meshing</Filter>
    </ClCompile>
    <ClCompile Include="GeometryHandler.cpp">
      <Filter>Source Files\Meshing</Filter>
    </ClCompile>
    <ClCompile Include="Vertices.cpp">
      <Filter>Source Files\Meshing</Filter>
    </ClCompile>
    <ClCompile Include="Primitives.cpp">
      <Filter>Source Files\Meshing</Filter>
    </ClCompile>
    <ClCompile Include="Model.cpp">
      <Filter>Source Files</Filter>
    </ClCompile>
    <ClCompile Include="MeshJob.cpp">
      <Filter>Source Files</Filter>
    </ClCompile>
    <ClCompile Include="StaticGeometryHandlers.cpp">
      <Filter>Source Files</Filter>
    </ClCompile>
    <ClCompile Include="RenderSystem.cpp">
      <Filter>Source Files\Pipeline</Filter>
    </ClCompile>
    <ClCompile Include="DeferredMaterial.cpp">
      <Filter>Source Files\Deferred</Filter>
    </ClCompile>
    <ClCompile Include="DeferredPipe.cpp">
      <Filter>Source Files\Deferred</Filter>
    </ClCompile>
    <ClCompile Include="GBuffer.cpp">
      <Filter>Source Files\Deferred</Filter>
    </ClCompile>
    <ClCompile Include="RenderObject.cpp">
      <Filter>Source Files\RenderObjects</Filter>
    </ClCompile>
    <ClCompile Include="LightPipe.cpp">
      <Filter>Source Files\Lighting</Filter>
    </ClCompile>
    <ClCompile Include="PointLight.cpp">
      <Filter>Source Files\RenderObjects</Filter>
    </ClCompile>
    <ClCompile Include="PointLightJob.cpp">
      <Filter>Source Files\Lighting</Filter>
    </ClCompile>
  </ItemGroup>
</Project>