<?xml version="1.0" encoding="utf-8"?>
<Project ToolsVersion="4.0" xmlns="http://schemas.microsoft.com/developer/msbuild/2003">
  <ItemGroup>
    <Filter Include="Source Files">
      <UniqueIdentifier>{4FC737F1-C7A5-4376-A066-2A32D752A2FF}</UniqueIdentifier>
      <Extensions>cpp;c;cc;cxx;def;odl;idl;hpj;bat;asm;asmx</Extensions>
    </Filter>
    <Filter Include="Header Files">
      <UniqueIdentifier>{93995380-89BD-4b04-88EB-625FBE52EBFB}</UniqueIdentifier>
      <Extensions>h;hpp;hxx;hm;inl;inc;xsd</Extensions>
    </Filter>
    <Filter Include="Resource Files">
      <UniqueIdentifier>{67DA6AB6-F800-4c08-8B7A-83BB121AAD01}</UniqueIdentifier>
      <Extensions>rc;ico;cur;bmp;dlg;rc2;rct;bin;rgs;gif;jpg;jpeg;jpe;resx;tiff;tif;png;wav;mfcribbon-ms</Extensions>
    </Filter>
    <Filter Include="Header Files\Delegate">
      <UniqueIdentifier>{60f852d2-cba3-4e2f-bba5-cd79cf4cdab4}</UniqueIdentifier>
    </Filter>
    <Filter Include="Header Files\Utils">
      <UniqueIdentifier>{dabd9aba-6b0d-498c-8f89-a4e62a84b215}</UniqueIdentifier>
    </Filter>
    <Filter Include="Header Files\Assets">
      <UniqueIdentifier>{96550126-37c9-45d9-8d0f-e8f7b8ae7102}</UniqueIdentifier>
    </Filter>
    <Filter Include="Header Files\Data">
      <UniqueIdentifier>{1dd5791d-e201-4ab7-9ce5-f77cf8d708e0}</UniqueIdentifier>
    </Filter>
    <Filter Include="Source Files\Data">
      <UniqueIdentifier>{3602a4ad-290b-4e75-b052-bb18c6c22a20}</UniqueIdentifier>
    </Filter>
    <Filter Include="Header Files\Lexer">
      <UniqueIdentifier>{eca48e06-72ad-4d14-ad1b-daf95088cb38}</UniqueIdentifier>
    </Filter>
  </ItemGroup>
  <ItemGroup>
    <ClInclude Include="DelegateTemplate.h">
      <Filter>Header Files\Delegate</Filter>
    </ClInclude>
    <ClInclude Include="DelegateList.h">
      <Filter>Header Files\Delegate</Filter>
    </ClInclude>
    <ClInclude Include="Delegate.h">
      <Filter>Header Files\Delegate</Filter>
    </ClInclude>
    <ClInclude Include="Macros.h">
      <Filter>Header Files\Utils</Filter>
    </ClInclude>
    <ClInclude Include="Asset.h">
      <Filter>Header Files\Assets</Filter>
    </ClInclude>
    <ClInclude Include="DataSource.h">
      <Filter>Header Files\Data</Filter>
    </ClInclude>
    <ClInclude Include="FixedByteBuffer.h">
      <Filter>Header Files\Data</Filter>
    </ClInclude>
    <ClInclude Include="DynamicByteBuffer.h">
      <Filter>Header Files\Data</Filter>
    </ClInclude>
    <ClInclude Include="BinaryManipulator.h">
      <Filter>Header Files\Data</Filter>
    </ClInclude>
    <ClInclude Include="CopyOnWriteBuffer.h">
      <Filter>Header Files\Data</Filter>
    </ClInclude>
    <ClInclude Include="Numerics.h">
      <Filter>Header Files\Utils</Filter>
    </ClInclude>
    <ClInclude Include="TocsAPI.h">
      <Filter>Header Files</Filter>
    </ClInclude>
    <ClInclude Include="TocsLib.h">
      <Filter>Header Files\Utils</Filter>
    </ClInclude>
    <ClInclude Include="StaticInitializer.h">
      <Filter>Header Files\Utils</Filter>
    </ClInclude>
    <ClInclude Include="Tokenizer.h">
      <Filter>Header Files\Lexer</Filter>
    </ClInclude>
    <ClInclude Include="SpecialTokenSet.h">
      <Filter>Header Files\Lexer</Filter>
    </ClInclude>
    <ClInclude Include="Ticker.h">
      <Filter>Header Files</Filter>
    </ClInclude>
    <ClInclude Include="Character.h">
      <Filter>Header Files\Utils</Filter>
    </ClInclude>
    <ClInclude Include="Integer.h">
      <Filter>Header Files\Utils</Filter>
    </ClInclude>
    <ClInclude Include="Float.h">
      <Filter>Header Files</Filter>
    </ClInclude>
    <ClInclude Include="MemberMacro.h">
      <Filter>Header Files\Utils</Filter>
    </ClInclude>
  </ItemGroup>
  <ItemGroup>
    <ClCompile Include="FixedByteBuffer.cpp">
      <Filter>Source Files\Data</Filter>
    </ClCompile>
    <ClCompile Include="DynamicByteBuffer.cpp">
      <Filter>Source Files\Data</Filter>
    </ClCompile>
    <ClCompile Include="BinaryManipulator.cpp">
      <Filter>Source Files\Data</Filter>
    </ClCompile>
    <ClCompile Include="Numerics.cpp">
      <Filter>Source Files\Data</Filter>
    </ClCompile>
    <ClCompile Include="Tokenizer.cpp">
      <Filter>Source Files</Filter>
    </ClCompile>
    <ClCompile Include="Character.cpp">
      <Filter>Source Files</Filter>
    </ClCompile>
    <ClCompile Include="SpecialTokenSet.cpp">
      <Filter>Source Files</Filter>
    </ClCompile>
    <ClCompile Include="Ticker.cpp">
      <Filter>Source Files</Filter>
    </ClCompile>
    <ClCompile Include="Integer.cpp">
      <Filter>Source Files</Filter>
    </ClCompile>
    <ClCompile Include="Float.cpp">
      <Filter>Source Files</Filter>
    </ClCompile>
  </ItemGroup>
</Project>